Microsoft Visual Studio Solution File, Format Version 12.00
# Visual Studio Version 17
VisualStudioVersion = 17.5.2.0
MinimumVisualStudioVersion = 10.0.40219.1
Project("{FAE04EC0-301F-11D3-BF4B-00C04F79EFBC}") = "SupermarketAPI", "SupermarketAPI\SupermarketAPI.csproj", "{4E68CDF5-BC2F-D494-3F11-6CD9F0BC479B}"
EndProject
Global
	GlobalSection(SolutionConfigurationPlatforms) = preSolution
		Debug|Any CPU = Debug|Any CPU
		Release|Any CPU = Release|Any CPU
	EndGlobalSection
	GlobalSection(ProjectConfigurationPlatforms) = postSolution
		{4E68CDF5-BC2F-D494-3F11-6CD9F0BC479B}.Debug|Any CPU.ActiveCfg = Debug|Any CPU
		{4E68CDF5-BC2F-D494-3F11-6CD9F0BC479B}.Debug|Any CPU.Build.0 = Debug|Any CPU
		{4E68CDF5-BC2F-D494-3F11-6CD9F0BC479B}.Release|Any CPU.ActiveCfg = Release|Any CPU
		{4E68CDF5-BC2F-D494-3F11-6CD9F0BC479B}.Release|Any CPU.Build.0 = Release|Any CPU
	EndGlobalSection
	GlobalSection(SolutionProperties) = preSolution
		HideSolutionNode = FALSE
	EndGlobalSection
	GlobalSection(ExtensibilityGlobals) = postSolution
		SolutionGuid = {3B711ACF-04DE-473B-9A6D-4F6DCBF0EB28}
	EndGlobalSection
EndGlobal
